
Microsoft Visual Studio Solution File, Format Version 12.00
# Visual Studio Version 17
VisualStudioVersion = 17.1.32328.378
MinimumVisualStudioVersion = 10.0.40219.1
Project("{9A19103F-16F7-4668-BE54-9A1E7A4F7556}") = "MediatRTest", "MediatRTest\MediatRTest.csproj", "{1547EB6E-E0DC-4768-ACBE-AF2B4A90B9D3}"
EndProject
Project("{9A19103F-16F7-4668-BE54-9A1E7A4F7556}") = "MediatRTest.UnitTests", "MediatRTestTests\MediatRTest.UnitTests.csproj", "{950D756D-807D-4F97-B3A7-AEAFC195F6F4}"
EndProject
Project("{9A19103F-16F7-4668-BE54-9A1E7A4F7556}") = "Models", "Models\Models.csproj", "{860CAFE5-1D20-4327-A567-C05F36A7FCAD}"
EndProject
Project("{9A19103F-16F7-4668-BE54-9A1E7A4F7556}") = "Services", "Services\Services.csproj", "{B6800E43-DB07-4D30-A6D7-71DC06814063}"
EndProject
Global
	GlobalSection(SolutionConfigurationPlatforms) = preSolution
		Debug|Any CPU = Debug|Any CPU
		Release|Any CPU = Release|Any CPU
	EndGlobalSection
	GlobalSection(ProjectConfigurationPlatforms) = postSolution
		{1547EB6E-E0DC-4768-ACBE-AF2B4A90B9D3}.Debug|Any CPU.ActiveCfg = Debug|Any CPU
		{1547EB6E-E0DC-4768-ACBE-AF2B4A90B9D3}.Debug|Any CPU.Build.0 = Debug|Any CPU
		{1547EB6E-E0DC-4768-ACBE-AF2B4A90B9D3}.Release|Any CPU.ActiveCfg = Release|Any CPU
		{1547EB6E-E0DC-4768-ACBE-AF2B4A90B9D3}.Release|Any CPU.Build.0 = Release|Any CPU
		{950D756D-807D-4F97-B3A7-AEAFC195F6F4}.Debug|Any CPU.ActiveCfg = Debug|Any CPU
		{950D756D-807D-4F97-B3A7-AEAFC195F6F4}.Debug|Any CPU.Build.0 = Debug|Any CPU
		{950D756D-807D-4F97-B3A7-AEAFC195F6F4}.Release|Any CPU.ActiveCfg = Release|Any CPU
		{950D756D-807D-4F97-B3A7-AEAFC195F6F4}.Release|Any CPU.Build.0 = Release|Any CPU
		{860CAFE5-1D20-4327-A567-C05F36A7FCAD}.Debug|Any CPU.ActiveCfg = Debug|Any CPU
		{860CAFE5-1D20-4327-A567-C05F36A7FCAD}.Debug|Any CPU.Build.0 = Debug|Any CPU
		{860CAFE5-1D20-4327-A567-C05F36A7FCAD}.Release|Any CPU.ActiveCfg = Release|Any CPU
		{860CAFE5-1D20-4327-A567-C05F36A7FCAD}.Release|Any CPU.Build.0 = Release|Any CPU
		{B6800E43-DB07-4D30-A6D7-71DC06814063}.Debug|Any CPU.ActiveCfg = Debug|Any CPU
		{B6800E43-DB07-4D30-A6D7-71DC06814063}.Debug|Any CPU.Build.0 = Debug|Any CPU
		{B6800E43-DB07-4D30-A6D7-71DC06814063}.Release|Any CPU.ActiveCfg = Release|Any CPU
		{B6800E43-DB07-4D30-A6D7-71DC06814063}.Release|Any CPU.Build.0 = Release|Any CPU
	EndGlobalSection
	GlobalSection(SolutionProperties) = preSolution
		HideSolutionNode = FALSE
	EndGlobalSection
	GlobalSection(ExtensibilityGlobals) = postSolution
		SolutionGuid = {F0475430-945E-4B01-ACD8-88AF9AA7BEDF}
	EndGlobalSection
EndGlobal
